// !$*UTF8*$!
{
	archiveVersion = 1;
	classes = {
	};
	objectVersion = 46;
	objects = {

/* Begin PBXBuildFile section */
		8BD5A5D91B57AB6100C16915 /* LoadingCell.xib in Resources */ = {isa = PBXBuildFile; fileRef = 8BD5A5D81B57AB6100C16915 /* LoadingCell.xib */; };
		8BEB74601B566DD2002A73F5 /* AppDelegate.swift in Sources */ = {isa = PBXBuildFile; fileRef = 8BEB745F1B566DD2002A73F5 /* AppDelegate.swift */; };
		8BEB74621B566DD2002A73F5 /* SearchViewController.swift in Sources */ = {isa = PBXBuildFile; fileRef = 8BEB74611B566DD2002A73F5 /* SearchViewController.swift */; };
		8BEB74651B566DD2002A73F5 /* Main.storyboard in Resources */ = {isa = PBXBuildFile; fileRef = 8BEB74631B566DD2002A73F5 /* Main.storyboard */; };
		8BEB74671B566DD2002A73F5 /* Images.xcassets in Resources */ = {isa = PBXBuildFile; fileRef = 8BEB74661B566DD2002A73F5 /* Images.xcassets */; };
		8BEB746A1B566DD2002A73F5 /* LaunchScreen.xib in Resources */ = {isa = PBXBuildFile; fileRef = 8BEB74681B566DD2002A73F5 /* LaunchScreen.xib */; };
		8BEB74761B566DD2002A73F5 /* StoreSearchTests.swift in Sources */ = {isa = PBXBuildFile; fileRef = 8BEB74751B566DD2002A73F5 /* StoreSearchTests.swift */; };
		8BEB74801B5695AE002A73F5 /* SearchResult.swift in Sources */ = {isa = PBXBuildFile; fileRef = 8BEB747F1B5695AE002A73F5 /* SearchResult.swift */; };
		8BEB74871B569EE5002A73F5 /* SearchResultCell.xib in Resources */ = {isa = PBXBuildFile; fileRef = 8BEB74861B569EE5002A73F5 /* SearchResultCell.xib */; };
		8BEB74891B56A30A002A73F5 /* SearchResultCell.swift in Sources */ = {isa = PBXBuildFile; fileRef = 8BEB74881B56A30A002A73F5 /* SearchResultCell.swift */; };
		8BEB748B1B56A5A2002A73F5 /* NothingFoundCell.xib in Resources */ = {isa = PBXBuildFile; fileRef = 8BEB748A1B56A5A2002A73F5 /* NothingFoundCell.xib */; };
/* End PBXBuildFile section */

/* Begin PBXContainerItemProxy section */
		8BEB74701B566DD2002A73F5 /* PBXContainerItemProxy */ = {
			isa = PBXContainerItemProxy;
			containerPortal = 8BEB74521B566DD2002A73F5 /* Project object */;
			proxyType = 1;
			remoteGlobalIDString = 8BEB74591B566DD2002A73F5;
			remoteInfo = StoreSearch;
		};
/* End PBXContainerItemProxy section */

/* Begin PBXFileReference section */
		8BD5A5D81B57AB6100C16915 /* LoadingCell.xib */ = {isa = PBXFileReference; fileEncoding = 4; lastKnownFileType = file.xib; path = LoadingCell.xib; sourceTree = "<group>"; };
		8BEB745A1B566DD2002A73F5 /* StoreSearch.app */ = {isa = PBXFileReference; explicitFileType = wrapper.application; includeInIndex = 0; path = StoreSearch.app; sourceTree = BUILT_PRODUCTS_DIR; };
		8BEB745E1B566DD2002A73F5 /* Info.plist */ = {isa = PBXFileReference; lastKnownFileType = text.plist.xml; path = Info.plist; sourceTree = "<group>"; };
		8BEB745F1B566DD2002A73F5 /* AppDelegate.swift */ = {isa = PBXFileReference; lastKnownFileType = sourcecode.swift; path = AppDelegate.swift; sourceTree = "<group>"; };
		8BEB74611B566DD2002A73F5 /* SearchViewController.swift */ = {isa = PBXFileReference; lastKnownFileType = sourcecode.swift; path = SearchViewController.swift; sourceTree = "<group>"; };
		8BEB74641B566DD2002A73F5 /* Base */ = {isa = PBXFileReference; lastKnownFileType = file.storyboard; name = Base; path = Base.lproj/Main.storyboard; sourceTree = "<group>"; };
		8BEB74661B566DD2002A73F5 /* Images.xcassets */ = {isa = PBXFileReference; lastKnownFileType = folder.assetcatalog; path = Images.xcassets; sourceTree = "<group>"; };
		8BEB74691B566DD2002A73F5 /* Base */ = {isa = PBXFileReference; lastKnownFileType = file.xib; name = Base; path = Base.lproj/LaunchScreen.xib; sourceTree = "<group>"; };
		8BEB746F1B566DD2002A73F5 /* StoreSearchTests.xctest */ = {isa = PBXFileReference; explicitFileType = wrapper.cfbundle; includeInIndex = 0; path = StoreSearchTests.xctest; sourceTree = BUILT_PRODUCTS_DIR; };
		8BEB74741B566DD2002A73F5 /* Info.plist */ = {isa = PBXFileReference; lastKnownFileType = text.plist.xml; path = Info.plist; sourceTree = "<group>"; };
		8BEB74751B566DD2002A73F5 /* StoreSearchTests.swift */ = {isa = PBXFileReference; lastKnownFileType = sourcecode.swift; path = StoreSearchTests.swift; sourceTree = "<group>"; };
		8BEB747F1B5695AE002A73F5 /* SearchResult.swift */ = {isa = PBXFileReference; fileEncoding = 4; lastKnownFileType = sourcecode.swift; path = SearchResult.swift; sourceTree = "<group>"; };
		8BEB74861B569EE5002A73F5 /* SearchResultCell.xib */ = {isa = PBXFileReference; fileEncoding = 4; lastKnownFileType = file.xib; path = SearchResultCell.xib; sourceTree = "<group>"; };
		8BEB74881B56A30A002A73F5 /* SearchResultCell.swift */ = {isa = PBXFileReference; fileEncoding = 4; lastKnownFileType = sourcecode.swift; path = SearchResultCell.swift; sourceTree = "<group>"; };
		8BEB748A1B56A5A2002A73F5 /* NothingFoundCell.xib */ = {isa = PBXFileReference; fileEncoding = 4; lastKnownFileType = file.xib; path = NothingFoundCell.xib; sourceTree = "<group>"; };
/* End PBXFileReference section */

/* Begin PBXFrameworksBuildPhase section */
		8BEB74571B566DD2002A73F5 /* Frameworks */ = {
			isa = PBXFrameworksBuildPhase;
			buildActionMask = 2147483647;
			files = (
			);
			runOnlyForDeploymentPostprocessing = 0;
		};
		8BEB746C1B566DD2002A73F5 /* Frameworks */ = {
			isa = PBXFrameworksBuildPhase;
			buildActionMask = 2147483647;
			files = (
			);
			runOnlyForDeploymentPostprocessing = 0;
		};
/* End PBXFrameworksBuildPhase section */

/* Begin PBXGroup section */
		8BEB74511B566DD2002A73F5 = {
			isa = PBXGroup;
			children = (
				8BEB745C1B566DD2002A73F5 /* StoreSearch */,
				8BEB74721B566DD2002A73F5 /* StoreSearchTests */,
				8BEB745B1B566DD2002A73F5 /* Products */,
			);
			sourceTree = "<group>";
		};
		8BEB745B1B566DD2002A73F5 /* Products */ = {
			isa = PBXGroup;
			children = (
				8BEB745A1B566DD2002A73F5 /* StoreSearch.app */,
				8BEB746F1B566DD2002A73F5 /* StoreSearchTests.xctest */,
			);
			name = Products;
			sourceTree = "<group>";
		};
		8BEB745C1B566DD2002A73F5 /* StoreSearch */ = {
			isa = PBXGroup;
			children = (
				8BEB745F1B566DD2002A73F5 /* AppDelegate.swift */,
				8BEB74811B5695B7002A73F5 /* Model */,
				8BEB74831B5695DF002A73F5 /* Controller */,
				8BEB74821B5695D3002A73F5 /* View */,
				8BEB74661B566DD2002A73F5 /* Images.xcassets */,
				8BEB74681B566DD2002A73F5 /* LaunchScreen.xib */,
				8BEB745D1B566DD2002A73F5 /* Supporting Files */,
			);
			path = StoreSearch;
			sourceTree = "<group>";
		};
		8BEB745D1B566DD2002A73F5 /* Supporting Files */ = {
			isa = PBXGroup;
			children = (
				8BEB745E1B566DD2002A73F5 /* Info.plist */,
			);
			name = "Supporting Files";
			sourceTree = "<group>";
		};
		8BEB74721B566DD2002A73F5 /* StoreSearchTests */ = {
			isa = PBXGroup;
			children = (
				8BEB74751B566DD2002A73F5 /* StoreSearchTests.swift */,
				8BEB74731B566DD2002A73F5 /* Supporting Files */,
			);
			path = StoreSearchTests;
			sourceTree = "<group>";
		};
		8BEB74731B566DD2002A73F5 /* Supporting Files */ = {
			isa = PBXGroup;
			children = (
				8BEB74741B566DD2002A73F5 /* Info.plist */,
			);
			name = "Supporting Files";
			sourceTree = "<group>";
		};
		8BEB74811B5695B7002A73F5 /* Model */ = {
			isa = PBXGroup;
			children = (
				8BEB747F1B5695AE002A73F5 /* SearchResult.swift */,
			);
			name = Model;
			sourceTree = "<group>";
		};
		8BEB74821B5695D3002A73F5 /* View */ = {
			isa = PBXGroup;
			children = (
				8BEB74631B566DD2002A73F5 /* Main.storyboard */,
				8BEB74861B569EE5002A73F5 /* SearchResultCell.xib */,
				8BEB748A1B56A5A2002A73F5 /* NothingFoundCell.xib */,
				8BD5A5D81B57AB6100C16915 /* LoadingCell.xib */,
			);
			name = View;
			sourceTree = "<group>";
		};
		8BEB74831B5695DF002A73F5 /* Controller */ = {
			isa = PBXGroup;
			children = (
				8BEB74611B566DD2002A73F5 /* SearchViewController.swift */,
				8BEB74881B56A30A002A73F5 /* SearchResultCell.swift */,
			);
			name = Controller;
			sourceTree = "<group>";
		};
/* End PBXGroup section */

/* Begin PBXNativeTarget section */
		8BEB74591B566DD2002A73F5 /* StoreSearch */ = {
			isa = PBXNativeTarget;
			buildConfigurationList = 8BEB74791B566DD2002A73F5 /* Build configuration list for PBXNativeTarget "StoreSearch" */;
			buildPhases = (
				8BEB74561B566DD2002A73F5 /* Sources */,
				8BEB74571B566DD2002A73F5 /* Frameworks */,
				8BEB74581B566DD2002A73F5 /* Resources */,
			);
			buildRules = (
			);
			dependencies = (
			);
			name = StoreSearch;
			productName = StoreSearch;
			productReference = 8BEB745A1B566DD2002A73F5 /* StoreSearch.app */;
			productType = "com.apple.product-type.application";
		};
		8BEB746E1B566DD2002A73F5 /* StoreSearchTests */ = {
			isa = PBXNativeTarget;
			buildConfigurationList = 8BEB747C1B566DD2002A73F5 /* Build configuration list for PBXNativeTarget "StoreSearchTests" */;
			buildPhases = (
				8BEB746B1B566DD2002A73F5 /* Sources */,
				8BEB746C1B566DD2002A73F5 /* Frameworks */,
				8BEB746D1B566DD2002A73F5 /* Resources */,
			);
			buildRules = (
			);
			dependencies = (
				8BEB74711B566DD2002A73F5 /* PBXTargetDependency */,
			);
			name = StoreSearchTests;
			productName = StoreSearchTests;
			productReference = 8BEB746F1B566DD2002A73F5 /* StoreSearchTests.xctest */;
			productType = "com.apple.product-type.bundle.unit-test";
		};
/* End PBXNativeTarget section */

/* Begin PBXProject section */
		8BEB74521B566DD2002A73F5 /* Project object */ = {
			isa = PBXProject;
			attributes = {
				LastUpgradeCheck = 0630;
				ORGANIZATIONNAME = "Anthony Camara";
				TargetAttributes = {
					8BEB74591B566DD2002A73F5 = {
						CreatedOnToolsVersion = 6.3.2;
					};
					8BEB746E1B566DD2002A73F5 = {
						CreatedOnToolsVersion = 6.3.2;
						TestTargetID = 8BEB74591B566DD2002A73F5;
					};
				};
			};
			buildConfigurationList = 8BEB74551B566DD2002A73F5 /* Build configuration list for PBXProject "StoreSearch" */;
			compatibilityVersion = "Xcode 3.2";
			developmentRegion = English;
			hasScannedForEncodings = 0;
			knownRegions = (
				en,
				Base,
			);
			mainGroup = 8BEB74511B566DD2002A73F5;
			productRefGroup = 8BEB745B1B566DD2002A73F5 /* Products */;
			projectDirPath = "";
			projectRoot = "";
			targets = (
				8BEB74591B566DD2002A73F5 /* StoreSearch */,
				8BEB746E1B566DD2002A73F5 /* StoreSearchTests */,
			);
		};
/* End PBXProject section */

/* Begin PBXResourcesBuildPhase section */
		8BEB74581B566DD2002A73F5 /* Resources */ = {
			isa = PBXResourcesBuildPhase;
			buildActionMask = 2147483647;
			files = (
				8BEB74651B566DD2002A73F5 /* Main.storyboard in Resources */,
				8BEB746A1B566DD2002A73F5 /* LaunchScreen.xib in Resources */,
				8BD5A5D91B57AB6100C16915 /* LoadingCell.xib in Resources */,
				8BEB74871B569EE5002A73F5 /* SearchResultCell.xib in Resources */,
				8BEB748B1B56A5A2002A73F5 /* NothingFoundCell.xib in Resources */,
				8BEB74671B566DD2002A73F5 /* Images.xcassets in Resources */,
			);
			runOnlyForDeploymentPostprocessing = 0;
		};
		8BEB746D1B566DD2002A73F5 /* Resources */ = {
			isa = PBXResourcesBuildPhase;
			buildActionMask = 2147483647;
			files = (
			);
			runOnlyForDeploymentPostprocessing = 0;
		};
/* End PBXResourcesBuildPhase section */

/* Begin PBXSourcesBuildPhase section */
		8BEB74561B566DD2002A73F5 /* Sources */ = {
			isa = PBXSourcesBuildPhase;
			buildActionMask = 2147483647;
			files = (
				8BEB74621B566DD2002A73F5 /* SearchViewController.swift in Sources */,
				8BEB74801B5695AE002A73F5 /* SearchResult.swift in Sources */,
				8BEB74891B56A30A002A73F5 /* SearchResultCell.swift in Sources */,
				8BEB74601B566DD2002A73F5 /* AppDelegate.swift in Sources */,
			);
			runOnlyForDeploymentPostprocessing = 0;
		};
		8BEB746B1B566DD2002A73F5 /* Sources */ = {
			isa = PBXSourcesBuildPhase;
			buildActionMask = 2147483647;
			files = (
				8BEB74761B566DD2002A73F5 /* StoreSearchTests.swift in Sources */,
			);
			runOnlyForDeploymentPostprocessing = 0;
		};
/* End PBXSourcesBuildPhase section */

/* Begin PBXTargetDependency section */
		8BEB74711B566DD2002A73F5 /* PBXTargetDependency */ = {
			isa = PBXTargetDependency;
			target = 8BEB74591B566DD2002A73F5 /* StoreSearch */;
			targetProxy = 8BEB74701B566DD2002A73F5 /* PBXContainerItemProxy */;
		};
/* End PBXTargetDependency section */

/* Begin PBXVariantGroup section */
		8BEB74631B566DD2002A73F5 /* Main.storyboard */ = {
			isa = PBXVariantGroup;
			children = (
				8BEB74641B566DD2002A73F5 /* Base */,
			);
			name = Main.storyboard;
			sourceTree = "<group>";
		};
		8BEB74681B566DD2002A73F5 /* LaunchScreen.xib */ = {
			isa = PBXVariantGroup;
			children = (
				8BEB74691B566DD2002A73F5 /* Base */,
			);
			name = LaunchScreen.xib;
			sourceTree = "<group>";
		};
/* End PBXVariantGroup section */

/* Begin XCBuildConfiguration section */
		8BEB74771B566DD2002A73F5 /* Debug */ = {
			isa = XCBuildConfiguration;
			buildSettings = {
				ALWAYS_SEARCH_USER_PATHS = NO;
				CLANG_CXX_LANGUAGE_STANDARD = "gnu++0x";
				CLANG_CXX_LIBRARY = "libc++";
				CLANG_ENABLE_MODULES = YES;
				CLANG_ENABLE_OBJC_ARC = YES;
				CLANG_WARN_BOOL_CONVERSION = YES;
				CLANG_WARN_CONSTANT_CONVERSION = YES;
				CLANG_WARN_DIRECT_OBJC_ISA_USAGE = YES_ERROR;
				CLANG_WARN_EMPTY_BODY = YES;
				CLANG_WARN_ENUM_CONVERSION = YES;
				CLANG_WARN_INT_CONVERSION = YES;
				CLANG_WARN_OBJC_ROOT_CLASS = YES_ERROR;
				CLANG_WARN_UNREACHABLE_CODE = YES;
				CLANG_WARN__DUPLICATE_METHOD_MATCH = YES;
				"CODE_SIGN_IDENTITY[sdk=iphoneos*]" = "iPhone Developer";
				COPY_PHASE_STRIP = NO;
				DEBUG_INFORMATION_FORMAT = "dwarf-with-dsym";
				ENABLE_STRICT_OBJC_MSGSEND = YES;
				GCC_C_LANGUAGE_STANDARD = gnu99;
				GCC_DYNAMIC_NO_PIC = NO;
				GCC_NO_COMMON_BLOCKS = YES;
				GCC_OPTIMIZATION_LEVEL = 0;
				GCC_PREPROCESSOR_DEFINITIONS = (
					"DEBUG=1",
					"$(inherited)",
				);
				GCC_SYMBOLS_PRIVATE_EXTERN = NO;
				GCC_WARN_64_TO_32_BIT_CONVERSION = YES;
				GCC_WARN_ABOUT_RETURN_TYPE = YES_ERROR;
				GCC_WARN_UNDECLARED_SELECTOR = YES;
				GCC_WARN_UNINITIALIZED_AUTOS = YES_AGGRESSIVE;
				GCC_WARN_UNUSED_FUNCTION = YES;
				GCC_WARN_UNUSED_VARIABLE = YES;
				IPHONEOS_DEPLOYMENT_TARGET = 8.3;
				MTL_ENABLE_DEBUG_INFO = YES;
				ONLY_ACTIVE_ARCH = YES;
				SDKROOT = iphoneos;
				SWIFT_OPTIMIZATION_LEVEL = "-Onone";
				TARGETED_DEVICE_FAMILY = "1,2";
			};
			name = Debug;
		};
		8BEB74781B566DD2002A73F5 /* Release */ = {
			isa = XCBuildConfiguration;
			buildSettings = {
				ALWAYS_SEARCH_USER_PATHS = NO;
				CLANG_CXX_LANGUAGE_STANDARD = "gnu++0x";
				CLANG_CXX_LIBRARY = "libc++";
				CLANG_ENABLE_MODULES = YES;
				CLANG_ENABLE_OBJC_ARC = YES;
				CLANG_WARN_BOOL_CONVERSION = YES;
				CLANG_WARN_CONSTANT_CONVERSION = YES;
				CLANG_WARN_DIRECT_OBJC_ISA_USAGE = YES_ERROR;
				CLANG_WARN_EMPTY_BODY = YES;
				CLANG_WARN_ENUM_CONVERSION = YES;
				CLANG_WARN_INT_CONVERSION = YES;
				CLANG_WARN_OBJC_ROOT_CLASS = YES_ERROR;
				CLANG_WARN_UNREACHABLE_CODE = YES;
				CLANG_WARN__DUPLICATE_METHOD_MATCH = YES;
				"CODE_SIGN_IDENTITY[sdk=iphoneos*]" = "iPhone Developer";
				COPY_PHASE_STRIP = NO;
				DEBUG_INFORMATION_FORMAT = "dwarf-with-dsym";
				ENABLE_NS_ASSERTIONS = NO;
				ENABLE_STRICT_OBJC_MSGSEND = YES;
				GCC_C_LANGUAGE_STANDARD = gnu99;
				GCC_NO_COMMON_BLOCKS = YES;
				GCC_WARN_64_TO_32_BIT_CONVERSION = YES;
				GCC_WARN_ABOUT_RETURN_TYPE = YES_ERROR;
				GCC_WARN_UNDECLARED_SELECTOR = YES;
				GCC_WARN_UNINITIALIZED_AUTOS = YES_AGGRESSIVE;
				GCC_WARN_UNUSED_FUNCTION = YES;
				GCC_WARN_UNUSED_VARIABLE = YES;
				IPHONEOS_DEPLOYMENT_TARGET = 8.3;
				MTL_ENABLE_DEBUG_INFO = NO;
				SDKROOT = iphoneos;
				TARGETED_DEVICE_FAMILY = "1,2";
				VALIDATE_PRODUCT = YES;
			};
			name = Release;
		};
		8BEB747A1B566DD2002A73F5 /* Debug */ = {
			isa = XCBuildConfiguration;
			buildSettings = {
				ASSETCATALOG_COMPILER_APPICON_NAME = AppIcon;
				INFOPLIST_FILE = StoreSearch/Info.plist;
				LD_RUNPATH_SEARCH_PATHS = "$(inherited) @executable_path/Frameworks";
				PRODUCT_NAME = "$(TARGET_NAME)";
			};
			name = Debug;
		};
		8BEB747B1B566DD2002A73F5 /* Release */ = {
			isa = XCBuildConfiguration;
			buildSettings = {
				ASSETCATALOG_COMPILER_APPICON_NAME = AppIcon;
				INFOPLIST_FILE = StoreSearch/Info.plist;
				LD_RUNPATH_SEARCH_PATHS = "$(inherited) @executable_path/Frameworks";
				PRODUCT_NAME = "$(TARGET_NAME)";
			};
			name = Release;
		};
		8BEB747D1B566DD2002A73F5 /* Debug */ = {
			isa = XCBuildConfiguration;
			buildSettings = {
				BUNDLE_LOADER = "$(TEST_HOST)";
				FRAMEWORK_SEARCH_PATHS = (
					"$(SDKROOT)/Developer/Library/Frameworks",
					"$(inherited)",
				);
				GCC_PREPROCESSOR_DEFINITIONS = (
					"DEBUG=1",
					"$(inherited)",
				);
				INFOPLIST_FILE = StoreSearchTests/Info.plist;
				LD_RUNPATH_SEARCH_PATHS = "$(inherited) @executable_path/Frameworks @loader_path/Frameworks";
				PRODUCT_NAME = "$(TARGET_NAME)";
				TEST_HOST = "$(BUILT_PRODUCTS_DIR)/StoreSearch.app/StoreSearch";
			};
			name = Debug;
		};
		8BEB747E1B566DD2002A73F5 /* Release */ = {
			isa = XCBuildConfiguration;
			buildSettings = {
				BUNDLE_LOADER = "$(TEST_HOST)";
				FRAMEWORK_SEARCH_PATHS = (
					"$(SDKROOT)/Developer/Library/Frameworks",
					"$(inherited)",
				);
				INFOPLIST_FILE = StoreSearchTests/Info.plist;
				LD_RUNPATH_SEARCH_PATHS = "$(inherited) @executable_path/Frameworks @loader_path/Frameworks";
				PRODUCT_NAME = "$(TARGET_NAME)";
				TEST_HOST = "$(BUILT_PRODUCTS_DIR)/StoreSearch.app/StoreSearch";
			};
			name = Release;
		};
/* End XCBuildConfiguration section */

/* Begin XCConfigurationList section */
		8BEB74551B566DD2002A73F5 /* Build configuration list for PBXProject "StoreSearch" */ = {
			isa = XCConfigurationList;
			buildConfigurations = (
				8BEB74771B566DD2002A73F5 /* Debug */,
				8BEB74781B566DD2002A73F5 /* Release */,
			);
			defaultConfigurationIsVisible = 0;
			defaultConfigurationName = Release;
		};
		8BEB74791B566DD2002A73F5 /* Build configuration list for PBXNativeTarget "StoreSearch" */ = {
			isa = XCConfigurationList;
			buildConfigurations = (
				8BEB747A1B566DD2002A73F5 /* Debug */,
				8BEB747B1B566DD2002A73F5 /* Release */,
			);
			defaultConfigurationIsVisible = 0;
			defaultConfigurationName = Release;
		};
		8BEB747C1B566DD2002A73F5 /* Build configuration list for PBXNativeTarget "StoreSearchTests" */ = {
			isa = XCConfigurationList;
			buildConfigurations = (
				8BEB747D1B566DD2002A73F5 /* Debug */,
				8BEB747E1B566DD2002A73F5 /* Release */,
			);
			defaultConfigurationIsVisible = 0;
			defaultConfigurationName = Release;
		};
/* End XCConfigurationList section */
	};
	rootObject = 8BEB74521B566DD2002A73F5 /* Project object */;
}
